
Microsoft Visual Studio Solution File, Format Version 12.00
# Visual Studio Version 16
VisualStudioVersion = 16.0.29709.97
MinimumVisualStudioVersion = 10.0.40219.1
Project("{FAE04EC0-301F-11D3-BF4B-00C04F79EFBC}") = "TaskManagement.Web", "TaskManagement\TaskManagement.Web.csproj", "{496AB393-C2EC-47A2-B3B1-05CB89B3993F}"
EndProject
Project("{FAE04EC0-301F-11D3-BF4B-00C04F79EFBC}") = "TaskManagement.Data", "TaskManagement.Data\TaskManagement.Data.csproj", "{FD8BB90A-8082-4CB5-987B-6D1E8A609D08}"
EndProject
Project("{FAE04EC0-301F-11D3-BF4B-00C04F79EFBC}") = "TaskManagement.Entities", "TaskManagement.Entities\TaskManagement.Entities.csproj", "{79E6F071-ADD9-4D85-8889-F9F3424B7D88}"
EndProject
Project("{FAE04EC0-301F-11D3-BF4B-00C04F79EFBC}") = "TaskManagement.Services", "TaskManagement.Services\TaskManagement.Services.csproj", "{7438E5D0-F480-4981-91FE-B0C7D346751F}"
EndProject
Global
	GlobalSection(SolutionConfigurationPlatforms) = preSolution
		Debug|Any CPU = Debug|Any CPU
		Release|Any CPU = Release|Any CPU
	EndGlobalSection
	GlobalSection(ProjectConfigurationPlatforms) = postSolution
		{496AB393-C2EC-47A2-B3B1-05CB89B3993F}.Debug|Any CPU.ActiveCfg = Debug|Any CPU
		{496AB393-C2EC-47A2-B3B1-05CB89B3993F}.Debug|Any CPU.Build.0 = Debug|Any CPU
		{496AB393-C2EC-47A2-B3B1-05CB89B3993F}.Release|Any CPU.ActiveCfg = Release|Any CPU
		{496AB393-C2EC-47A2-B3B1-05CB89B3993F}.Release|Any CPU.Build.0 = Release|Any CPU
		{FD8BB90A-8082-4CB5-987B-6D1E8A609D08}.Debug|Any CPU.ActiveCfg = Debug|Any CPU
		{FD8BB90A-8082-4CB5-987B-6D1E8A609D08}.Debug|Any CPU.Build.0 = Debug|Any CPU
		{FD8BB90A-8082-4CB5-987B-6D1E8A609D08}.Release|Any CPU.ActiveCfg = Release|Any CPU
		{FD8BB90A-8082-4CB5-987B-6D1E8A609D08}.Release|Any CPU.Build.0 = Release|Any CPU
		{79E6F071-ADD9-4D85-8889-F9F3424B7D88}.Debug|Any CPU.ActiveCfg = Debug|Any CPU
		{79E6F071-ADD9-4D85-8889-F9F3424B7D88}.Debug|Any CPU.Build.0 = Debug|Any CPU
		{79E6F071-ADD9-4D85-8889-F9F3424B7D88}.Release|Any CPU.ActiveCfg = Release|Any CPU
		{79E6F071-ADD9-4D85-8889-F9F3424B7D88}.Release|Any CPU.Build.0 = Release|Any CPU
		{7438E5D0-F480-4981-91FE-B0C7D346751F}.Debug|Any CPU.ActiveCfg = Debug|Any CPU
		{7438E5D0-F480-4981-91FE-B0C7D346751F}.Debug|Any CPU.Build.0 = Debug|Any CPU
		{7438E5D0-F480-4981-91FE-B0C7D346751F}.Release|Any CPU.ActiveCfg = Release|Any CPU
		{7438E5D0-F480-4981-91FE-B0C7D346751F}.Release|Any CPU.Build.0 = Release|Any CPU
	EndGlobalSection
	GlobalSection(SolutionProperties) = preSolution
		HideSolutionNode = FALSE
	EndGlobalSection
	GlobalSection(ExtensibilityGlobals) = postSolution
		SolutionGuid = {7C6B1AB4-6CD4-45C8-8660-6ABCCE86DB71}
	EndGlobalSection
EndGlobal
